
Microsoft Visual Studio Solution File, Format Version 12.00
# Visual Studio 2012
Project("{FAE04EC0-301F-11D3-BF4B-00C04F79EFBC}") = "HY.Frame.Web", "HY.Frame.Web\HY.Frame.Web.csproj", "{B41A0382-B464-45DB-B087-4843C8D957E2}"
EndProject
Project("{FAE04EC0-301F-11D3-BF4B-00C04F79EFBC}") = "HY.Frame.Core", "HY.Frame.Core\HY.Frame.Core.csproj", "{04CD4D75-CA99-4C7D-A5B8-D9C88A4C3574}"
EndProject
Project("{FAE04EC0-301F-11D3-BF4B-00C04F79EFBC}") = "HY.Frame.Bis", "HY.Frame.Bis\HY.Frame.Bis.csproj", "{DDC02324-A9FE-4D67-8805-0FCAFE746F1B}"
EndProject
Project("{FAE04EC0-301F-11D3-BF4B-00C04F79EFBC}") = "HY.Frame.CMD", "HY.Frame.CMD\HY.Frame.CMD.csproj", "{E460FE47-4364-479D-BF1B-20E6DBF54DC0}"
EndProject
Project("{FAE04EC0-301F-11D3-BF4B-00C04F79EFBC}") = "HY.Auth", "HY.Auth\HY.Auth.csproj", "{4F9539D8-151D-4890-A019-F32B74DE84A4}"
EndProject
Global
	GlobalSection(SolutionConfigurationPlatforms) = preSolution
		Debug|Any CPU = Debug|Any CPU
		Release|Any CPU = Release|Any CPU
	EndGlobalSection
	GlobalSection(ProjectConfigurationPlatforms) = postSolution
		{B41A0382-B464-45DB-B087-4843C8D957E2}.Debug|Any CPU.ActiveCfg = Debug|Any CPU
		{B41A0382-B464-45DB-B087-4843C8D957E2}.Debug|Any CPU.Build.0 = Debug|Any CPU
		{B41A0382-B464-45DB-B087-4843C8D957E2}.Release|Any CPU.ActiveCfg = Release|Any CPU
		{B41A0382-B464-45DB-B087-4843C8D957E2}.Release|Any CPU.Build.0 = Release|Any CPU
		{04CD4D75-CA99-4C7D-A5B8-D9C88A4C3574}.Debug|Any CPU.ActiveCfg = Debug|Any CPU
		{04CD4D75-CA99-4C7D-A5B8-D9C88A4C3574}.Debug|Any CPU.Build.0 = Debug|Any CPU
		{04CD4D75-CA99-4C7D-A5B8-D9C88A4C3574}.Release|Any CPU.ActiveCfg = Release|Any CPU
		{04CD4D75-CA99-4C7D-A5B8-D9C88A4C3574}.Release|Any CPU.Build.0 = Release|Any CPU
		{DDC02324-A9FE-4D67-8805-0FCAFE746F1B}.Debug|Any CPU.ActiveCfg = Debug|Any CPU
		{DDC02324-A9FE-4D67-8805-0FCAFE746F1B}.Debug|Any CPU.Build.0 = Debug|Any CPU
		{DDC02324-A9FE-4D67-8805-0FCAFE746F1B}.Release|Any CPU.ActiveCfg = Release|Any CPU
		{DDC02324-A9FE-4D67-8805-0FCAFE746F1B}.Release|Any CPU.Build.0 = Release|Any CPU
		{E460FE47-4364-479D-BF1B-20E6DBF54DC0}.Debug|Any CPU.ActiveCfg = Debug|Any CPU
		{E460FE47-4364-479D-BF1B-20E6DBF54DC0}.Debug|Any CPU.Build.0 = Debug|Any CPU
		{E460FE47-4364-479D-BF1B-20E6DBF54DC0}.Release|Any CPU.ActiveCfg = Release|Any CPU
		{E460FE47-4364-479D-BF1B-20E6DBF54DC0}.Release|Any CPU.Build.0 = Release|Any CPU
		{4F9539D8-151D-4890-A019-F32B74DE84A4}.Debug|Any CPU.ActiveCfg = Debug|Any CPU
		{4F9539D8-151D-4890-A019-F32B74DE84A4}.Debug|Any CPU.Build.0 = Debug|Any CPU
		{4F9539D8-151D-4890-A019-F32B74DE84A4}.Release|Any CPU.ActiveCfg = Release|Any CPU
		{4F9539D8-151D-4890-A019-F32B74DE84A4}.Release|Any CPU.Build.0 = Release|Any CPU
	EndGlobalSection
	GlobalSection(SolutionProperties) = preSolution
		HideSolutionNode = FALSE
	EndGlobalSection
EndGlobal
